
Microsoft Visual Studio Solution File, Format Version 12.00
# Visual Studio 15
VisualStudioVersion = 15.0.26403.7
MinimumVisualStudioVersion = 10.0.40219.1
Project("{FAE04EC0-301F-11D3-BF4B-00C04F79EFBC}") = "SharedClientServer", "SharedClientServer\SharedClientServer.csproj", "{A8DC39F6-D7B1-47F7-A332-30FCBD6C0D2B}"
EndProject
Project("{FAE04EC0-301F-11D3-BF4B-00C04F79EFBC}") = "ExcelRosterReader", "ExcelRosterReader\ExcelRosterReader.csproj", "{9AED69F6-73B0-46E1-88C4-195C90465B71}"
EndProject
Project("{FAE04EC0-301F-11D3-BF4B-00C04F79EFBC}") = "TestCalendarClient", "TestCalendarClient\TestCalendarClient.csproj", "{C05A9C7C-BC8C-4A17-ACBD-299D40B6603D}"
EndProject
Global
	GlobalSection(SolutionConfigurationPlatforms) = preSolution
		Debug|Any CPU = Debug|Any CPU
		Release|Any CPU = Release|Any CPU
	EndGlobalSection
	GlobalSection(ProjectConfigurationPlatforms) = postSolution
		{A8DC39F6-D7B1-47F7-A332-30FCBD6C0D2B}.Debug|Any CPU.ActiveCfg = Debug|Any CPU
		{A8DC39F6-D7B1-47F7-A332-30FCBD6C0D2B}.Debug|Any CPU.Build.0 = Debug|Any CPU
		{A8DC39F6-D7B1-47F7-A332-30FCBD6C0D2B}.Release|Any CPU.ActiveCfg = Release|Any CPU
		{A8DC39F6-D7B1-47F7-A332-30FCBD6C0D2B}.Release|Any CPU.Build.0 = Release|Any CPU
		{9AED69F6-73B0-46E1-88C4-195C90465B71}.Debug|Any CPU.ActiveCfg = Debug|Any CPU
		{9AED69F6-73B0-46E1-88C4-195C90465B71}.Debug|Any CPU.Build.0 = Debug|Any CPU
		{9AED69F6-73B0-46E1-88C4-195C90465B71}.Release|Any CPU.ActiveCfg = Release|Any CPU
		{9AED69F6-73B0-46E1-88C4-195C90465B71}.Release|Any CPU.Build.0 = Release|Any CPU
		{C05A9C7C-BC8C-4A17-ACBD-299D40B6603D}.Debug|Any CPU.ActiveCfg = Debug|Any CPU
		{C05A9C7C-BC8C-4A17-ACBD-299D40B6603D}.Debug|Any CPU.Build.0 = Debug|Any CPU
		{C05A9C7C-BC8C-4A17-ACBD-299D40B6603D}.Release|Any CPU.ActiveCfg = Release|Any CPU
		{C05A9C7C-BC8C-4A17-ACBD-299D40B6603D}.Release|Any CPU.Build.0 = Release|Any CPU
	EndGlobalSection
	GlobalSection(SolutionProperties) = preSolution
		HideSolutionNode = FALSE
	EndGlobalSection
EndGlobal
